
Microsoft Visual Studio Solution File, Format Version 12.00
Project("{2150E333-8FDC-42A3-9474-1A3956D46DE8}") = "DataProviders", "DataProviders", "{F8D6FBB1-A6E8-4409-AA2C-BCBD9E7FCE5B}"
EndProject
Project("{2150E333-8FDC-42A3-9474-1A3956D46DE8}") = "Domain", "Domain", "{6803C15D-6DCD-4053-9C4E-D87F2C6BFB7C}"
EndProject
Project("{2150E333-8FDC-42A3-9474-1A3956D46DE8}") = "EntryPoints", "EntryPoints", "{0BF0B4F2-4268-47DD-A1C8-0F0759008C05}"
EndProject
Project("{2150E333-8FDC-42A3-9474-1A3956D46DE8}") = "UnitTests", "UnitTests", "{56806713-4897-47C5-9CD9-4E78E04320D5}"
EndProject
Project("{FAE04EC0-301F-11D3-BF4B-00C04F79EFBC}") = "UniversiteDomain", "UniversiteDomain\UniversiteDomain.csproj", "{4CA4E5DC-8E30-4D55-B88F-0CC6CA36E029}"
EndProject
Project("{FAE04EC0-301F-11D3-BF4B-00C04F79EFBC}") = "UniversiteDomainUnitTests", "UniversiteDomainUnitTests\UniversiteDomainUnitTests.csproj", "{10C440A0-09D3-4D67-81B8-68EDF71D623D}"
EndProject
Project("{FAE04EC0-301F-11D3-BF4B-00C04F79EFBC}") = "UniversiteEFDataProvider", "UniversiteEFDataProvider\UniversiteEFDataProvider.csproj", "{88F4EF1D-2B51-4533-803D-F828AEF4F035}"
EndProject
Project("{FAE04EC0-301F-11D3-BF4B-00C04F79EFBC}") = "UniversiteRestApi", "UniversiteRestApi\UniversiteRestApi.csproj", "{250BCAD4-9869-4246-8CE1-0757B86EAA07}"
EndProject
Project("{FAE04EC0-301F-11D3-BF4B-00C04F79EFBC}") = "UniversiteCsvProvider", "UniversiteCsvProvider\UniversiteCsvProvider.csproj", "{5EAC9976-1DF9-4588-9573-F55A459ECC77}"
EndProject
Global
	GlobalSection(SolutionConfigurationPlatforms) = preSolution
		Debug|Any CPU = Debug|Any CPU
		Release|Any CPU = Release|Any CPU
	EndGlobalSection
	GlobalSection(NestedProjects) = preSolution
		{4CA4E5DC-8E30-4D55-B88F-0CC6CA36E029} = {6803C15D-6DCD-4053-9C4E-D87F2C6BFB7C}
		{10C440A0-09D3-4D67-81B8-68EDF71D623D} = {56806713-4897-47C5-9CD9-4E78E04320D5}
		{88F4EF1D-2B51-4533-803D-F828AEF4F035} = {F8D6FBB1-A6E8-4409-AA2C-BCBD9E7FCE5B}
		{250BCAD4-9869-4246-8CE1-0757B86EAA07} = {0BF0B4F2-4268-47DD-A1C8-0F0759008C05}
		{5EAC9976-1DF9-4588-9573-F55A459ECC77} = {F8D6FBB1-A6E8-4409-AA2C-BCBD9E7FCE5B}
	EndGlobalSection
	GlobalSection(ProjectConfigurationPlatforms) = postSolution
		{4CA4E5DC-8E30-4D55-B88F-0CC6CA36E029}.Debug|Any CPU.ActiveCfg = Debug|Any CPU
		{4CA4E5DC-8E30-4D55-B88F-0CC6CA36E029}.Debug|Any CPU.Build.0 = Debug|Any CPU
		{4CA4E5DC-8E30-4D55-B88F-0CC6CA36E029}.Release|Any CPU.ActiveCfg = Release|Any CPU
		{4CA4E5DC-8E30-4D55-B88F-0CC6CA36E029}.Release|Any CPU.Build.0 = Release|Any CPU
		{10C440A0-09D3-4D67-81B8-68EDF71D623D}.Debug|Any CPU.ActiveCfg = Debug|Any CPU
		{10C440A0-09D3-4D67-81B8-68EDF71D623D}.Debug|Any CPU.Build.0 = Debug|Any CPU
		{10C440A0-09D3-4D67-81B8-68EDF71D623D}.Release|Any CPU.ActiveCfg = Release|Any CPU
		{10C440A0-09D3-4D67-81B8-68EDF71D623D}.Release|Any CPU.Build.0 = Release|Any CPU
		{88F4EF1D-2B51-4533-803D-F828AEF4F035}.Debug|Any CPU.ActiveCfg = Debug|Any CPU
		{88F4EF1D-2B51-4533-803D-F828AEF4F035}.Debug|Any CPU.Build.0 = Debug|Any CPU
		{88F4EF1D-2B51-4533-803D-F828AEF4F035}.Release|Any CPU.ActiveCfg = Release|Any CPU
		{88F4EF1D-2B51-4533-803D-F828AEF4F035}.Release|Any CPU.Build.0 = Release|Any CPU
		{250BCAD4-9869-4246-8CE1-0757B86EAA07}.Debug|Any CPU.ActiveCfg = Debug|Any CPU
		{250BCAD4-9869-4246-8CE1-0757B86EAA07}.Debug|Any CPU.Build.0 = Debug|Any CPU
		{250BCAD4-9869-4246-8CE1-0757B86EAA07}.Release|Any CPU.ActiveCfg = Release|Any CPU
		{250BCAD4-9869-4246-8CE1-0757B86EAA07}.Release|Any CPU.Build.0 = Release|Any CPU
		{5EAC9976-1DF9-4588-9573-F55A459ECC77}.Debug|Any CPU.ActiveCfg = Debug|Any CPU
		{5EAC9976-1DF9-4588-9573-F55A459ECC77}.Debug|Any CPU.Build.0 = Debug|Any CPU
		{5EAC9976-1DF9-4588-9573-F55A459ECC77}.Release|Any CPU.ActiveCfg = Release|Any CPU
		{5EAC9976-1DF9-4588-9573-F55A459ECC77}.Release|Any CPU.Build.0 = Release|Any CPU
	EndGlobalSection
EndGlobal
